
Microsoft Visual Studio Solution File, Format Version 12.00
# Visual Studio Version 16
VisualStudioVersion = 16.0.32126.315
MinimumVisualStudioVersion = 10.0.40219.1
Project("{FAE04EC0-301F-11D3-BF4B-00C04F79EFBC}") = "StudentAPI", "StudentAPI\StudentAPI.csproj", "{68C5AD40-C5D5-439C-99D5-11252698DCA1}"
EndProject
Project("{FAE04EC0-301F-11D3-BF4B-00C04F79EFBC}") = "StudentAPI.DAL", "StudentAPI.DAL\StudentAPI.DAL.csproj", "{7C2F3DA1-3A82-41A3-9CF6-6D0D827C74D7}"
EndProject
Project("{FAE04EC0-301F-11D3-BF4B-00C04F79EFBC}") = "StudentAPI.BLL", "StudentAPI.BLL\StudentAPI.BLL.csproj", "{05449C96-410E-4AF9-976D-4E8D927CFDC2}"
EndProject
Global
	GlobalSection(SolutionConfigurationPlatforms) = preSolution
		Debug|Any CPU = Debug|Any CPU
		Release|Any CPU = Release|Any CPU
	EndGlobalSection
	GlobalSection(ProjectConfigurationPlatforms) = postSolution
		{68C5AD40-C5D5-439C-99D5-11252698DCA1}.Debug|Any CPU.ActiveCfg = Debug|Any CPU
		{68C5AD40-C5D5-439C-99D5-11252698DCA1}.Debug|Any CPU.Build.0 = Debug|Any CPU
		{68C5AD40-C5D5-439C-99D5-11252698DCA1}.Release|Any CPU.ActiveCfg = Release|Any CPU
		{68C5AD40-C5D5-439C-99D5-11252698DCA1}.Release|Any CPU.Build.0 = Release|Any CPU
		{7C2F3DA1-3A82-41A3-9CF6-6D0D827C74D7}.Debug|Any CPU.ActiveCfg = Debug|Any CPU
		{7C2F3DA1-3A82-41A3-9CF6-6D0D827C74D7}.Debug|Any CPU.Build.0 = Debug|Any CPU
		{7C2F3DA1-3A82-41A3-9CF6-6D0D827C74D7}.Release|Any CPU.ActiveCfg = Release|Any CPU
		{7C2F3DA1-3A82-41A3-9CF6-6D0D827C74D7}.Release|Any CPU.Build.0 = Release|Any CPU
		{05449C96-410E-4AF9-976D-4E8D927CFDC2}.Debug|Any CPU.ActiveCfg = Debug|Any CPU
		{05449C96-410E-4AF9-976D-4E8D927CFDC2}.Debug|Any CPU.Build.0 = Debug|Any CPU
		{05449C96-410E-4AF9-976D-4E8D927CFDC2}.Release|Any CPU.ActiveCfg = Release|Any CPU
		{05449C96-410E-4AF9-976D-4E8D927CFDC2}.Release|Any CPU.Build.0 = Release|Any CPU
	EndGlobalSection
	GlobalSection(SolutionProperties) = preSolution
		HideSolutionNode = FALSE
	EndGlobalSection
	GlobalSection(ExtensibilityGlobals) = postSolution
		SolutionGuid = {CB438720-5C6C-4E4A-AFD6-B11D41BC5ADE}
	EndGlobalSection
EndGlobal
